
Microsoft Visual Studio Solution File, Format Version 12.00
# Visual Studio Version 17
VisualStudioVersion = 17.4.33205.214
MinimumVisualStudioVersion = 10.0.40219.1
Project("{FAE04EC0-301F-11D3-BF4B-00C04F79EFBC}") = "Instar_Project", "Instar_Project\Instar_Project.csproj", "{711F16A4-EC2C-438B-9589-37DC031D983A}"
EndProject
Global
	GlobalSection(SolutionConfigurationPlatforms) = preSolution
		Debug|Any CPU = Debug|Any CPU
		Release|Any CPU = Release|Any CPU
	EndGlobalSection
	GlobalSection(ProjectConfigurationPlatforms) = postSolution
		{711F16A4-EC2C-438B-9589-37DC031D983A}.Debug|Any CPU.ActiveCfg = Debug|Any CPU
		{711F16A4-EC2C-438B-9589-37DC031D983A}.Debug|Any CPU.Build.0 = Debug|Any CPU
		{711F16A4-EC2C-438B-9589-37DC031D983A}.Release|Any CPU.ActiveCfg = Release|Any CPU
		{711F16A4-EC2C-438B-9589-37DC031D983A}.Release|Any CPU.Build.0 = Release|Any CPU
	EndGlobalSection
	GlobalSection(SolutionProperties) = preSolution
		HideSolutionNode = FALSE
	EndGlobalSection
	GlobalSection(ExtensibilityGlobals) = postSolution
		SolutionGuid = {3A6C24BA-67A9-44F7-A491-CF83F2DFA2D5}
	EndGlobalSection
EndGlobal
